
Microsoft Visual Studio Solution File, Format Version 12.00
# Visual Studio Version 16
VisualStudioVersion = 16.0.31105.61
MinimumVisualStudioVersion = 10.0.40219.1
Project("{FAE04EC0-301F-11D3-BF4B-00C04F79EFBC}") = "ClimateObservationsG21", "ClimateObservationsG21\ClimateObservationsG21.csproj", "{F50F050F-2CAC-4278-81DF-18088BC88F3B}"
EndProject
Global
	GlobalSection(SolutionConfigurationPlatforms) = preSolution
		Debug|Any CPU = Debug|Any CPU
		Release|Any CPU = Release|Any CPU
	EndGlobalSection
	GlobalSection(ProjectConfigurationPlatforms) = postSolution
		{F50F050F-2CAC-4278-81DF-18088BC88F3B}.Debug|Any CPU.ActiveCfg = Debug|Any CPU
		{F50F050F-2CAC-4278-81DF-18088BC88F3B}.Debug|Any CPU.Build.0 = Debug|Any CPU
		{F50F050F-2CAC-4278-81DF-18088BC88F3B}.Release|Any CPU.ActiveCfg = Release|Any CPU
		{F50F050F-2CAC-4278-81DF-18088BC88F3B}.Release|Any CPU.Build.0 = Release|Any CPU
	EndGlobalSection
	GlobalSection(SolutionProperties) = preSolution
		HideSolutionNode = FALSE
	EndGlobalSection
	GlobalSection(ExtensibilityGlobals) = postSolution
		SolutionGuid = {D5717870-810A-4C33-BCD4-FC0353B5B791}
	EndGlobalSection
EndGlobal
